<?xml version="1.0" encoding="utf-8"?>
<Project ToolsVersion="4.0" xmlns="http://schemas.microsoft.com/developer/msbuild/2003">
  <ItemGroup>
    <ClInclude Include="utility\get_optional_arg.hpp" />
    <ClInclude Include="utility\find_if.hpp" />
    <ClInclude Include="utility\pair_hash.hpp" />
    <ClInclude Include="adjacency_list.hpp" />
    <ClInclude Include="iterator\search_iterator.hpp" />
    <ClInclude Include="iterator\DFS.hpp" />
    <ClInclude Include="iterator\BFS.hpp" />
    <ClInclude Include="iterator\for_each.hpp" />
    <ClInclude Include="algorithm\dijkstra_shortest_paths.hpp" />
    <ClInclude Include="algorithm\connected_components.hpp" />
    <ClInclude Include="sample_graph.hpp" />
  </ItemGroup>
  <ItemGroup>
    <ClCompile Include="main.cpp" />
  </ItemGroup>
</Project>